
Microsoft Visual Studio Solution File, Format Version 12.00
# Visual Studio 15
Project("{FAE04EC0-301F-11D3-BF4B-00C04F79EFBC}") = "Assembly-CSharp", "Assembly-CSharp.csproj", "{1617CC5F-73BA-6B03-5EE8-39397BF7CBA9}"
EndProject
Project("{FAE04EC0-301F-11D3-BF4B-00C04F79EFBC}") = "Assembly-CSharp-Editor", "Assembly-CSharp-Editor.csproj", "{E4B2BC39-B439-2CD1-B137-A8ECC06E1A1B}"
EndProject
Global
	GlobalSection(SolutionConfigurationPlatforms) = preSolution
		Debug|Any CPU = Debug|Any CPU
		Release|Any CPU = Release|Any CPU
	EndGlobalSection
	GlobalSection(ProjectConfigurationPlatforms) = postSolution
		{1617CC5F-73BA-6B03-5EE8-39397BF7CBA9}.Debug|Any CPU.ActiveCfg = Debug|Any CPU
		{1617CC5F-73BA-6B03-5EE8-39397BF7CBA9}.Debug|Any CPU.Build.0 = Debug|Any CPU
		{1617CC5F-73BA-6B03-5EE8-39397BF7CBA9}.Release|Any CPU.ActiveCfg = Release|Any CPU
		{1617CC5F-73BA-6B03-5EE8-39397BF7CBA9}.Release|Any CPU.Build.0 = Release|Any CPU
		{E4B2BC39-B439-2CD1-B137-A8ECC06E1A1B}.Debug|Any CPU.ActiveCfg = Debug|Any CPU
		{E4B2BC39-B439-2CD1-B137-A8ECC06E1A1B}.Debug|Any CPU.Build.0 = Debug|Any CPU
		{E4B2BC39-B439-2CD1-B137-A8ECC06E1A1B}.Release|Any CPU.ActiveCfg = Release|Any CPU
		{E4B2BC39-B439-2CD1-B137-A8ECC06E1A1B}.Release|Any CPU.Build.0 = Release|Any CPU
	EndGlobalSection
	GlobalSection(SolutionProperties) = preSolution
		HideSolutionNode = FALSE
	EndGlobalSection
EndGlobal
